
Microsoft Visual Studio Solution File, Format Version 12.00
# Visual Studio Version 16
VisualStudioVersion = 16.0.33801.447
MinimumVisualStudioVersion = 10.0.40219.1
Project("{F184B08F-C81C-45F6-A57F-5ABD9991F28F}") = "AprendiendoVisualBasic", "AprendiendoVisualBasic\AprendiendoVisualBasic.vbproj", "{5F88E646-2A36-4E8D-B2B3-97A9262705CF}"
EndProject
Global
	GlobalSection(SolutionConfigurationPlatforms) = preSolution
		Debug|Any CPU = Debug|Any CPU
		Release|Any CPU = Release|Any CPU
	EndGlobalSection
	GlobalSection(ProjectConfigurationPlatforms) = postSolution
		{5F88E646-2A36-4E8D-B2B3-97A9262705CF}.Debug|Any CPU.ActiveCfg = Debug|Any CPU
		{5F88E646-2A36-4E8D-B2B3-97A9262705CF}.Debug|Any CPU.Build.0 = Debug|Any CPU
		{5F88E646-2A36-4E8D-B2B3-97A9262705CF}.Release|Any CPU.ActiveCfg = Release|Any CPU
		{5F88E646-2A36-4E8D-B2B3-97A9262705CF}.Release|Any CPU.Build.0 = Release|Any CPU
	EndGlobalSection
	GlobalSection(SolutionProperties) = preSolution
		HideSolutionNode = FALSE
	EndGlobalSection
	GlobalSection(ExtensibilityGlobals) = postSolution
		SolutionGuid = {3269C932-0392-405C-A823-25A80C79DF82}
	EndGlobalSection
EndGlobal
